
Microsoft Visual Studio Solution File, Format Version 12.00
# Visual Studio Version 16
VisualStudioVersion = 16.0.30711.63
MinimumVisualStudioVersion = 10.0.40219.1
Project("{FAE04EC0-301F-11D3-BF4B-00C04F79EFBC}") = "KleineDemo2", "KleineDemo2\KleineDemo2.csproj", "{E260D5FD-36BF-4853-900E-9C69F8704F0F}"
EndProject
Global
	GlobalSection(SolutionConfigurationPlatforms) = preSolution
		Debug|Any CPU = Debug|Any CPU
		Release|Any CPU = Release|Any CPU
	EndGlobalSection
	GlobalSection(ProjectConfigurationPlatforms) = postSolution
		{E260D5FD-36BF-4853-900E-9C69F8704F0F}.Debug|Any CPU.ActiveCfg = Debug|Any CPU
		{E260D5FD-36BF-4853-900E-9C69F8704F0F}.Debug|Any CPU.Build.0 = Debug|Any CPU
		{E260D5FD-36BF-4853-900E-9C69F8704F0F}.Release|Any CPU.ActiveCfg = Release|Any CPU
		{E260D5FD-36BF-4853-900E-9C69F8704F0F}.Release|Any CPU.Build.0 = Release|Any CPU
	EndGlobalSection
	GlobalSection(SolutionProperties) = preSolution
		HideSolutionNode = FALSE
	EndGlobalSection
	GlobalSection(ExtensibilityGlobals) = postSolution
		SolutionGuid = {862FCCD5-2F68-4720-8469-7DD9812DB77A}
	EndGlobalSection
EndGlobal
