
Microsoft Visual Studio Solution File, Format Version 12.00
# Visual Studio Version 16
VisualStudioVersion = 16.0.30413.136
MinimumVisualStudioVersion = 10.0.40219.1
Project("{FAE04EC0-301F-11D3-BF4B-00C04F79EFBC}") = "PRG5.CSharpCity.LLTravel.Web", "PRG5.CSharpCity.LLTravel.Web\PRG5.CSharpCity.LLTravel.Web.csproj", "{264A6741-64B5-4825-9CD1-3644523FFF85}"
EndProject
Project("{FAE04EC0-301F-11D3-BF4B-00C04F79EFBC}") = "PRG5.CSharpCity.Travel", "PRG5.CSharpCity.Travel\PRG5.CSharpCity.Travel.csproj", "{1829F485-06F4-4EBC-9C17-603C79C32326}"
EndProject
Global
	GlobalSection(SolutionConfigurationPlatforms) = preSolution
		Debug|Any CPU = Debug|Any CPU
		Release|Any CPU = Release|Any CPU
	EndGlobalSection
	GlobalSection(ProjectConfigurationPlatforms) = postSolution
		{264A6741-64B5-4825-9CD1-3644523FFF85}.Debug|Any CPU.ActiveCfg = Debug|Any CPU
		{264A6741-64B5-4825-9CD1-3644523FFF85}.Debug|Any CPU.Build.0 = Debug|Any CPU
		{264A6741-64B5-4825-9CD1-3644523FFF85}.Release|Any CPU.ActiveCfg = Release|Any CPU
		{264A6741-64B5-4825-9CD1-3644523FFF85}.Release|Any CPU.Build.0 = Release|Any CPU
		{1829F485-06F4-4EBC-9C17-603C79C32326}.Debug|Any CPU.ActiveCfg = Debug|Any CPU
		{1829F485-06F4-4EBC-9C17-603C79C32326}.Debug|Any CPU.Build.0 = Debug|Any CPU
		{1829F485-06F4-4EBC-9C17-603C79C32326}.Release|Any CPU.ActiveCfg = Release|Any CPU
		{1829F485-06F4-4EBC-9C17-603C79C32326}.Release|Any CPU.Build.0 = Release|Any CPU
	EndGlobalSection
	GlobalSection(SolutionProperties) = preSolution
		HideSolutionNode = FALSE
	EndGlobalSection
	GlobalSection(ExtensibilityGlobals) = postSolution
		SolutionGuid = {9A792520-160D-4EBF-A643-ACD9232B7BED}
	EndGlobalSection
EndGlobal
