
Microsoft Visual Studio Solution File, Format Version 12.00
# Visual Studio Version 16
VisualStudioVersion = 16.0.30711.63
MinimumVisualStudioVersion = 10.0.40219.1
Project("{FAE04EC0-301F-11D3-BF4B-00C04F79EFBC}") = "MijnCV", "MijnCV\MijnCV.csproj", "{7C9714E5-3636-4FD5-8351-E9FF48B583C7}"
EndProject
Global
	GlobalSection(SolutionConfigurationPlatforms) = preSolution
		Debug|Any CPU = Debug|Any CPU
		Release|Any CPU = Release|Any CPU
	EndGlobalSection
	GlobalSection(ProjectConfigurationPlatforms) = postSolution
		{7C9714E5-3636-4FD5-8351-E9FF48B583C7}.Debug|Any CPU.ActiveCfg = Debug|Any CPU
		{7C9714E5-3636-4FD5-8351-E9FF48B583C7}.Debug|Any CPU.Build.0 = Debug|Any CPU
		{7C9714E5-3636-4FD5-8351-E9FF48B583C7}.Release|Any CPU.ActiveCfg = Release|Any CPU
		{7C9714E5-3636-4FD5-8351-E9FF48B583C7}.Release|Any CPU.Build.0 = Release|Any CPU
	EndGlobalSection
	GlobalSection(SolutionProperties) = preSolution
		HideSolutionNode = FALSE
	EndGlobalSection
	GlobalSection(ExtensibilityGlobals) = postSolution
		SolutionGuid = {48462163-35A4-466D-B3D6-4A38B8C728D2}
	EndGlobalSection
EndGlobal
