
Microsoft Visual Studio Solution File, Format Version 12.00
# Visual Studio Version 16
VisualStudioVersion = 16.0.30711.63
MinimumVisualStudioVersion = 10.0.40219.1
Project("{FAE04EC0-301F-11D3-BF4B-00C04F79EFBC}") = "DemoA", "DemoA\DemoA.csproj", "{586A9E6E-1027-4245-A5BA-5BE899EE4F84}"
EndProject
Project("{FAE04EC0-301F-11D3-BF4B-00C04F79EFBC}") = "DemoA.domain", "DemoA.domain\DemoA.domain.csproj", "{AEB9E552-6E52-4463-9F8F-AB54C5063188}"
EndProject
Global
	GlobalSection(SolutionConfigurationPlatforms) = preSolution
		Debug|Any CPU = Debug|Any CPU
		Release|Any CPU = Release|Any CPU
	EndGlobalSection
	GlobalSection(ProjectConfigurationPlatforms) = postSolution
		{586A9E6E-1027-4245-A5BA-5BE899EE4F84}.Debug|Any CPU.ActiveCfg = Debug|Any CPU
		{586A9E6E-1027-4245-A5BA-5BE899EE4F84}.Debug|Any CPU.Build.0 = Debug|Any CPU
		{586A9E6E-1027-4245-A5BA-5BE899EE4F84}.Release|Any CPU.ActiveCfg = Release|Any CPU
		{586A9E6E-1027-4245-A5BA-5BE899EE4F84}.Release|Any CPU.Build.0 = Release|Any CPU
		{AEB9E552-6E52-4463-9F8F-AB54C5063188}.Debug|Any CPU.ActiveCfg = Debug|Any CPU
		{AEB9E552-6E52-4463-9F8F-AB54C5063188}.Debug|Any CPU.Build.0 = Debug|Any CPU
		{AEB9E552-6E52-4463-9F8F-AB54C5063188}.Release|Any CPU.ActiveCfg = Release|Any CPU
		{AEB9E552-6E52-4463-9F8F-AB54C5063188}.Release|Any CPU.Build.0 = Release|Any CPU
	EndGlobalSection
	GlobalSection(SolutionProperties) = preSolution
		HideSolutionNode = FALSE
	EndGlobalSection
	GlobalSection(ExtensibilityGlobals) = postSolution
		SolutionGuid = {6BA280E6-55CD-456D-9FD2-E8E36D5A34D3}
	EndGlobalSection
EndGlobal
