
Microsoft Visual Studio Solution File, Format Version 12.00
# Visual Studio Version 16
VisualStudioVersion = 16.0.30711.63
MinimumVisualStudioVersion = 10.0.40219.1
Project("{FAE04EC0-301F-11D3-BF4B-00C04F79EFBC}") = "KleineDemo", "KleineDemo\KleineDemo.csproj", "{483E6B60-1B1C-4EB9-91F1-D768874CA5DF}"
EndProject
Global
	GlobalSection(SolutionConfigurationPlatforms) = preSolution
		Debug|Any CPU = Debug|Any CPU
		Release|Any CPU = Release|Any CPU
	EndGlobalSection
	GlobalSection(ProjectConfigurationPlatforms) = postSolution
		{483E6B60-1B1C-4EB9-91F1-D768874CA5DF}.Debug|Any CPU.ActiveCfg = Debug|Any CPU
		{483E6B60-1B1C-4EB9-91F1-D768874CA5DF}.Debug|Any CPU.Build.0 = Debug|Any CPU
		{483E6B60-1B1C-4EB9-91F1-D768874CA5DF}.Release|Any CPU.ActiveCfg = Release|Any CPU
		{483E6B60-1B1C-4EB9-91F1-D768874CA5DF}.Release|Any CPU.Build.0 = Release|Any CPU
	EndGlobalSection
	GlobalSection(SolutionProperties) = preSolution
		HideSolutionNode = FALSE
	EndGlobalSection
	GlobalSection(ExtensibilityGlobals) = postSolution
		SolutionGuid = {A6F4F0DA-9C0B-4A0E-8FEA-701AB71C3A4D}
	EndGlobalSection
EndGlobal
